// !$*UTF8*$!
{
	archiveVersion = 1;
	classes = {
	};
	objectVersion = 51;
	objects = {

/* Begin PBXBuildFile section */
		3F77D5515B4D4AF344AF4459 /* Pods_callingDataTests.framework in Frameworks */ = {isa = PBXBuildFile; fileRef = CA259EBB77B680658BEAE510 /* Pods_callingDataTests.framework */; };
		4137F911CFED9941DFE60FBB /* Pods_callingData.framework in Frameworks */ = {isa = PBXBuildFile; fileRef = E725D7A67BB0A6754C9269B3 /* Pods_callingData.framework */; };
		5C549918230F5ED100186157 /* AppDelegate.swift in Sources */ = {isa = PBXBuildFile; fileRef = 5C549917230F5ED100186157 /* AppDelegate.swift */; };
		5C54991A230F5ED100186157 /* ViewController.swift in Sources */ = {isa = PBXBuildFile; fileRef = 5C549919230F5ED100186157 /* ViewController.swift */; };
		5C54991D230F5ED100186157 /* Main.storyboard in Resources */ = {isa = PBXBuildFile; fileRef = 5C54991B230F5ED100186157 /* Main.storyboard */; };
		5C54991F230F5ED200186157 /* Assets.xcassets in Resources */ = {isa = PBXBuildFile; fileRef = 5C54991E230F5ED200186157 /* Assets.xcassets */; };
		5C549922230F5ED200186157 /* LaunchScreen.storyboard in Resources */ = {isa = PBXBuildFile; fileRef = 5C549920230F5ED200186157 /* LaunchScreen.storyboard */; };
		5C54992D230F5ED200186157 /* callingDataTests.swift in Sources */ = {isa = PBXBuildFile; fileRef = 5C54992C230F5ED200186157 /* callingDataTests.swift */; };
		5C549938230F5ED200186157 /* callingDataUITests.swift in Sources */ = {isa = PBXBuildFile; fileRef = 5C549937230F5ED200186157 /* callingDataUITests.swift */; };
		C4480076ACEBF2FDE9AE6AE0 /* Pods_callingDataUITests.framework in Frameworks */ = {isa = PBXBuildFile; fileRef = E696E1135CAD3C2A276AED76 /* Pods_callingDataUITests.framework */; };
/* End PBXBuildFile section */

/* Begin PBXContainerItemProxy section */
		5C549929230F5ED200186157 /* PBXContainerItemProxy */ = {
			isa = PBXContainerItemProxy;
			containerPortal = 5C54990C230F5ED100186157 /* Project object */;
			proxyType = 1;
			remoteGlobalIDString = 5C549913230F5ED100186157;
			remoteInfo = callingData;
		};
		5C549934230F5ED200186157 /* PBXContainerItemProxy */ = {
			isa = PBXContainerItemProxy;
			containerPortal = 5C54990C230F5ED100186157 /* Project object */;
			proxyType = 1;
			remoteGlobalIDString = 5C549913230F5ED100186157;
			remoteInfo = callingData;
		};
/* End PBXContainerItemProxy section */

/* Begin PBXFileReference section */
		5589635274EDBF9AC9D643A7 /* Pods-callingDataTests.release.xcconfig */ = {isa = PBXFileReference; includeInIndex = 1; lastKnownFileType = text.xcconfig; name = "Pods-callingDataTests.release.xcconfig"; path = "Target Support Files/Pods-callingDataTests/Pods-callingDataTests.release.xcconfig"; sourceTree = "<group>"; };
		5C549914230F5ED100186157 /* callingData.app */ = {isa = PBXFileReference; explicitFileType = wrapper.application; includeInIndex = 0; path = callingData.app; sourceTree = BUILT_PRODUCTS_DIR; };
		5C549917230F5ED100186157 /* AppDelegate.swift */ = {isa = PBXFileReference; lastKnownFileType = sourcecode.swift; path = AppDelegate.swift; sourceTree = "<group>"; };
		5C549919230F5ED100186157 /* ViewController.swift */ = {isa = PBXFileReference; lastKnownFileType = sourcecode.swift; path = ViewController.swift; sourceTree = "<group>"; };
		5C54991C230F5ED100186157 /* Base */ = {isa = PBXFileReference; lastKnownFileType = file.storyboard; name = Base; path = Base.lproj/Main.storyboard; sourceTree = "<group>"; };
		5C54991E230F5ED200186157 /* Assets.xcassets */ = {isa = PBXFileReference; lastKnownFileType = folder.assetcatalog; path = Assets.xcassets; sourceTree = "<group>"; };
		5C549921230F5ED200186157 /* Base */ = {isa = PBXFileReference; lastKnownFileType = file.storyboard; name = Base; path = Base.lproj/LaunchScreen.storyboard; sourceTree = "<group>"; };
		5C549923230F5ED200186157 /* Info.plist */ = {isa = PBXFileReference; lastKnownFileType = text.plist.xml; path = Info.plist; sourceTree = "<group>"; };
		5C549928230F5ED200186157 /* callingDataTests.xctest */ = {isa = PBXFileReference; explicitFileType = wrapper.cfbundle; includeInIndex = 0; path = callingDataTests.xctest; sourceTree = BUILT_PRODUCTS_DIR; };
		5C54992C230F5ED200186157 /* callingDataTests.swift */ = {isa = PBXFileReference; lastKnownFileType = sourcecode.swift; path = callingDataTests.swift; sourceTree = "<group>"; };
		5C54992E230F5ED200186157 /* Info.plist */ = {isa = PBXFileReference; lastKnownFileType = text.plist.xml; path = Info.plist; sourceTree = "<group>"; };
		5C549933230F5ED200186157 /* callingDataUITests.xctest */ = {isa = PBXFileReference; explicitFileType = wrapper.cfbundle; includeInIndex = 0; path = callingDataUITests.xctest; sourceTree = BUILT_PRODUCTS_DIR; };
		5C549937230F5ED200186157 /* callingDataUITests.swift */ = {isa = PBXFileReference; lastKnownFileType = sourcecode.swift; path = callingDataUITests.swift; sourceTree = "<group>"; };
		5C549939230F5ED200186157 /* Info.plist */ = {isa = PBXFileReference; lastKnownFileType = text.plist.xml; path = Info.plist; sourceTree = "<group>"; };
		8E417E143A89C5D6BB579070 /* Pods-callingDataUITests.release.xcconfig */ = {isa = PBXFileReference; includeInIndex = 1; lastKnownFileType = text.xcconfig; name = "Pods-callingDataUITests.release.xcconfig"; path = "Target Support Files/Pods-callingDataUITests/Pods-callingDataUITests.release.xcconfig"; sourceTree = "<group>"; };
		8FECE4ADE0B3A97892F48872 /* Pods-callingDataUITests.debug.xcconfig */ = {isa = PBXFileReference; includeInIndex = 1; lastKnownFileType = text.xcconfig; name = "Pods-callingDataUITests.debug.xcconfig"; path = "Target Support Files/Pods-callingDataUITests/Pods-callingDataUITests.debug.xcconfig"; sourceTree = "<group>"; };
		A9EA8BB18A6FCCF2887BD0C1 /* Pods-callingData.debug.xcconfig */ = {isa = PBXFileReference; includeInIndex = 1; lastKnownFileType = text.xcconfig; name = "Pods-callingData.debug.xcconfig"; path = "Target Support Files/Pods-callingData/Pods-callingData.debug.xcconfig"; sourceTree = "<group>"; };
		ACB87BB75472BE2623D4AF10 /* Pods-callingDataTests.debug.xcconfig */ = {isa = PBXFileReference; includeInIndex = 1; lastKnownFileType = text.xcconfig; name = "Pods-callingDataTests.debug.xcconfig"; path = "Target Support Files/Pods-callingDataTests/Pods-callingDataTests.debug.xcconfig"; sourceTree = "<group>"; };
		C886CEFF92A1F09B2844626A /* Pods-callingData.release.xcconfig */ = {isa = PBXFileReference; includeInIndex = 1; lastKnownFileType = text.xcconfig; name = "Pods-callingData.release.xcconfig"; path = "Target Support Files/Pods-callingData/Pods-callingData.release.xcconfig"; sourceTree = "<group>"; };
		CA259EBB77B680658BEAE510 /* Pods_callingDataTests.framework */ = {isa = PBXFileReference; explicitFileType = wrapper.framework; includeInIndex = 0; path = Pods_callingDataTests.framework; sourceTree = BUILT_PRODUCTS_DIR; };
		E696E1135CAD3C2A276AED76 /* Pods_callingDataUITests.framework */ = {isa = PBXFileReference; explicitFileType = wrapper.framework; includeInIndex = 0; path = Pods_callingDataUITests.framework; sourceTree = BUILT_PRODUCTS_DIR; };
		E725D7A67BB0A6754C9269B3 /* Pods_callingData.framework */ = {isa = PBXFileReference; explicitFileType = wrapper.framework; includeInIndex = 0; path = Pods_callingData.framework; sourceTree = BUILT_PRODUCTS_DIR; };
/* End PBXFileReference section */

/* Begin PBXFrameworksBuildPhase section */
		5C549911230F5ED100186157 /* Frameworks */ = {
			isa = PBXFrameworksBuildPhase;
			buildActionMask = 2147483647;
			files = (
				4137F911CFED9941DFE60FBB /* Pods_callingData.framework in Frameworks */,
			);
			runOnlyForDeploymentPostprocessing = 0;
		};
		5C549925230F5ED200186157 /* Frameworks */ = {
			isa = PBXFrameworksBuildPhase;
			buildActionMask = 2147483647;
			files = (
				3F77D5515B4D4AF344AF4459 /* Pods_callingDataTests.framework in Frameworks */,
			);
			runOnlyForDeploymentPostprocessing = 0;
		};
		5C549930230F5ED200186157 /* Frameworks */ = {
			isa = PBXFrameworksBuildPhase;
			buildActionMask = 2147483647;
			files = (
				C4480076ACEBF2FDE9AE6AE0 /* Pods_callingDataUITests.framework in Frameworks */,
			);
			runOnlyForDeploymentPostprocessing = 0;
		};
/* End PBXFrameworksBuildPhase section */

/* Begin PBXGroup section */
		396A1F0995CC2B82086C35EC /* Frameworks */ = {
			isa = PBXGroup;
			children = (
				E725D7A67BB0A6754C9269B3 /* Pods_callingData.framework */,
				CA259EBB77B680658BEAE510 /* Pods_callingDataTests.framework */,
				E696E1135CAD3C2A276AED76 /* Pods_callingDataUITests.framework */,
			);
			name = Frameworks;
			sourceTree = "<group>";
		};
		5C54990B230F5ED100186157 = {
			isa = PBXGroup;
			children = (
				5C549916230F5ED100186157 /* callingData */,
				5C54992B230F5ED200186157 /* callingDataTests */,
				5C549936230F5ED200186157 /* callingDataUITests */,
				5C549915230F5ED100186157 /* Products */,
				721D754AC467AC8AC059D3E5 /* Pods */,
				396A1F0995CC2B82086C35EC /* Frameworks */,
			);
			sourceTree = "<group>";
		};
		5C549915230F5ED100186157 /* Products */ = {
			isa = PBXGroup;
			children = (
				5C549914230F5ED100186157 /* callingData.app */,
				5C549928230F5ED200186157 /* callingDataTests.xctest */,
				5C549933230F5ED200186157 /* callingDataUITests.xctest */,
			);
			name = Products;
			sourceTree = "<group>";
		};
		5C549916230F5ED100186157 /* callingData */ = {
			isa = PBXGroup;
			children = (
				5C549917230F5ED100186157 /* AppDelegate.swift */,
				5C549919230F5ED100186157 /* ViewController.swift */,
				5C54991B230F5ED100186157 /* Main.storyboard */,
				5C54991E230F5ED200186157 /* Assets.xcassets */,
				5C549920230F5ED200186157 /* LaunchScreen.storyboard */,
				5C549923230F5ED200186157 /* Info.plist */,
			);
			path = callingData;
			sourceTree = "<group>";
		};
		5C54992B230F5ED200186157 /* callingDataTests */ = {
			isa = PBXGroup;
			children = (
				5C54992C230F5ED200186157 /* callingDataTests.swift */,
				5C54992E230F5ED200186157 /* Info.plist */,
			);
			path = callingDataTests;
			sourceTree = "<group>";
		};
		5C549936230F5ED200186157 /* callingDataUITests */ = {
			isa = PBXGroup;
			children = (
				5C549937230F5ED200186157 /* callingDataUITests.swift */,
				5C549939230F5ED200186157 /* Info.plist */,
			);
			path = callingDataUITests;
			sourceTree = "<group>";
		};
		721D754AC467AC8AC059D3E5 /* Pods */ = {
			isa = PBXGroup;
			children = (
				A9EA8BB18A6FCCF2887BD0C1 /* Pods-callingData.debug.xcconfig */,
				C886CEFF92A1F09B2844626A /* Pods-callingData.release.xcconfig */,
				ACB87BB75472BE2623D4AF10 /* Pods-callingDataTests.debug.xcconfig */,
				5589635274EDBF9AC9D643A7 /* Pods-callingDataTests.release.xcconfig */,
				8FECE4ADE0B3A97892F48872 /* Pods-callingDataUITests.debug.xcconfig */,
				8E417E143A89C5D6BB579070 /* Pods-callingDataUITests.release.xcconfig */,
			);
			path = Pods;
			sourceTree = "<group>";
		};
/* End PBXGroup section */

/* Begin PBXNativeTarget section */
		5C549913230F5ED100186157 /* callingData */ = {
			isa = PBXNativeTarget;
			buildConfigurationList = 5C54993C230F5ED200186157 /* Build configuration list for PBXNativeTarget "callingData" */;
			buildPhases = (
				5758A10F0B5CAEC4506741FA /* [CP] Check Pods Manifest.lock */,
				5C549910230F5ED100186157 /* Sources */,
				5C549911230F5ED100186157 /* Frameworks */,
				5C549912230F5ED100186157 /* Resources */,
				1AEED68A3F8A5E726DB83EE8 /* [CP] Embed Pods Frameworks */,
			);
			buildRules = (
			);
			dependencies = (
			);
			name = callingData;
			productName = callingData;
			productReference = 5C549914230F5ED100186157 /* callingData.app */;
			productType = "com.apple.product-type.application";
		};
		5C549927230F5ED200186157 /* callingDataTests */ = {
			isa = PBXNativeTarget;
			buildConfigurationList = 5C54993F230F5ED200186157 /* Build configuration list for PBXNativeTarget "callingDataTests" */;
			buildPhases = (
				E196550533E30309BC9601AE /* [CP] Check Pods Manifest.lock */,
				5C549924230F5ED200186157 /* Sources */,
				5C549925230F5ED200186157 /* Frameworks */,
				5C549926230F5ED200186157 /* Resources */,
			);
			buildRules = (
			);
			dependencies = (
				5C54992A230F5ED200186157 /* PBXTargetDependency */,
			);
			name = callingDataTests;
			productName = callingDataTests;
			productReference = 5C549928230F5ED200186157 /* callingDataTests.xctest */;
			productType = "com.apple.product-type.bundle.unit-test";
		};
		5C549932230F5ED200186157 /* callingDataUITests */ = {
			isa = PBXNativeTarget;
			buildConfigurationList = 5C549942230F5ED200186157 /* Build configuration list for PBXNativeTarget "callingDataUITests" */;
			buildPhases = (
				452F06AEC32B536FF388881A /* [CP] Check Pods Manifest.lock */,
				5C54992F230F5ED200186157 /* Sources */,
				5C549930230F5ED200186157 /* Frameworks */,
				5C549931230F5ED200186157 /* Resources */,
			);
			buildRules = (
			);
			dependencies = (
				5C549935230F5ED200186157 /* PBXTargetDependency */,
			);
			name = callingDataUITests;
			productName = callingDataUITests;
			productReference = 5C549933230F5ED200186157 /* callingDataUITests.xctest */;
			productType = "com.apple.product-type.bundle.ui-testing";
		};
/* End PBXNativeTarget section */

/* Begin PBXProject section */
		5C54990C230F5ED100186157 /* Project object */ = {
			isa = PBXProject;
			attributes = {
				LastSwiftUpdateCheck = 1030;
				LastUpgradeCheck = 1030;
				ORGANIZATIONNAME = "진형진";
				TargetAttributes = {
					5C549913230F5ED100186157 = {
						CreatedOnToolsVersion = 10.3;
					};
					5C549927230F5ED200186157 = {
						CreatedOnToolsVersion = 10.3;
						TestTargetID = 5C549913230F5ED100186157;
					};
					5C549932230F5ED200186157 = {
						CreatedOnToolsVersion = 10.3;
						TestTargetID = 5C549913230F5ED100186157;
					};
				};
			};
			buildConfigurationList = 5C54990F230F5ED100186157 /* Build configuration list for PBXProject "callingData" */;
			compatibilityVersion = "Xcode 9.3";
			developmentRegion = en;
			hasScannedForEncodings = 0;
			knownRegions = (
				en,
				Base,
			);
			mainGroup = 5C54990B230F5ED100186157;
			productRefGroup = 5C549915230F5ED100186157 /* Products */;
			projectDirPath = "";
			projectRoot = "";
			targets = (
				5C549913230F5ED100186157 /* callingData */,
				5C549927230F5ED200186157 /* callingDataTests */,
				5C549932230F5ED200186157 /* callingDataUITests */,
			);
		};
/* End PBXProject section */

/* Begin PBXResourcesBuildPhase section */
		5C549912230F5ED100186157 /* Resources */ = {
			isa = PBXResourcesBuildPhase;
			buildActionMask = 2147483647;
			files = (
				5C549922230F5ED200186157 /* LaunchScreen.storyboard in Resources */,
				5C54991F230F5ED200186157 /* Assets.xcassets in Resources */,
				5C54991D230F5ED100186157 /* Main.storyboard in Resources */,
			);
			runOnlyForDeploymentPostprocessing = 0;
		};
		5C549926230F5ED200186157 /* Resources */ = {
			isa = PBXResourcesBuildPhase;
			buildActionMask = 2147483647;
			files = (
			);
			runOnlyForDeploymentPostprocessing = 0;
		};
		5C549931230F5ED200186157 /* Resources */ = {
			isa = PBXResourcesBuildPhase;
			buildActionMask = 2147483647;
			files = (
			);
			runOnlyForDeploymentPostprocessing = 0;
		};
/* End PBXResourcesBuildPhase section */

/* Begin PBXShellScriptBuildPhase section */
		1AEED68A3F8A5E726DB83EE8 /* [CP] Embed Pods Frameworks */ = {
			isa = PBXShellScriptBuildPhase;
			buildActionMask = 2147483647;
			files = (
			);
			inputFileListPaths = (
				"${PODS_ROOT}/Target Support Files/Pods-callingData/Pods-callingData-frameworks-${CONFIGURATION}-input-files.xcfilelist",
			);
			name = "[CP] Embed Pods Frameworks";
			outputFileListPaths = (
				"${PODS_ROOT}/Target Support Files/Pods-callingData/Pods-callingData-frameworks-${CONFIGURATION}-output-files.xcfilelist",
			);
			runOnlyForDeploymentPostprocessing = 0;
			shellPath = /bin/sh;
			shellScript = "\"${PODS_ROOT}/Target Support Files/Pods-callingData/Pods-callingData-frameworks.sh\"\n";
			showEnvVarsInLog = 0;
		};
		452F06AEC32B536FF388881A /* [CP] Check Pods Manifest.lock */ = {
			isa = PBXShellScriptBuildPhase;
			buildActionMask = 2147483647;
			files = (
			);
			inputFileListPaths = (
			);
			inputPaths = (
				"${PODS_PODFILE_DIR_PATH}/Podfile.lock",
				"${PODS_ROOT}/Manifest.lock",
			);
			name = "[CP] Check Pods Manifest.lock";
			outputFileListPaths = (
			);
			outputPaths = (
				"$(DERIVED_FILE_DIR)/Pods-callingDataUITests-checkManifestLockResult.txt",
			);
			runOnlyForDeploymentPostprocessing = 0;
			shellPath = /bin/sh;
			shellScript = "diff \"${PODS_PODFILE_DIR_PATH}/Podfile.lock\" \"${PODS_ROOT}/Manifest.lock\" > /dev/null\nif [ $? != 0 ] ; then\n    # print error to STDERR\n    echo \"error: The sandbox is not in sync with the Podfile.lock. Run 'pod install' or update your CocoaPods installation.\" >&2\n    exit 1\nfi\n# This output is used by Xcode 'outputs' to avoid re-running this script phase.\necho \"SUCCESS\" > \"${SCRIPT_OUTPUT_FILE_0}\"\n";
			showEnvVarsInLog = 0;
		};
		5758A10F0B5CAEC4506741FA /* [CP] Check Pods Manifest.lock */ = {
			isa = PBXShellScriptBuildPhase;
			buildActionMask = 2147483647;
			files = (
			);
			inputFileListPaths = (
			);
			inputPaths = (
				"${PODS_PODFILE_DIR_PATH}/Podfile.lock",
				"${PODS_ROOT}/Manifest.lock",
			);
			name = "[CP] Check Pods Manifest.lock";
			outputFileListPaths = (
			);
			outputPaths = (
				"$(DERIVED_FILE_DIR)/Pods-callingData-checkManifestLockResult.txt",
			);
			runOnlyForDeploymentPostprocessing = 0;
			shellPath = /bin/sh;
			shellScript = "diff \"${PODS_PODFILE_DIR_PATH}/Podfile.lock\" \"${PODS_ROOT}/Manifest.lock\" > /dev/null\nif [ $? != 0 ] ; then\n    # print error to STDERR\n    echo \"error: The sandbox is not in sync with the Podfile.lock. Run 'pod install' or update your CocoaPods installation.\" >&2\n    exit 1\nfi\n# This output is used by Xcode 'outputs' to avoid re-running this script phase.\necho \"SUCCESS\" > \"${SCRIPT_OUTPUT_FILE_0}\"\n";
			showEnvVarsInLog = 0;
		};
		E196550533E30309BC9601AE /* [CP] Check Pods Manifest.lock */ = {
			isa = PBXShellScriptBuildPhase;
			buildActionMask = 2147483647;
			files = (
			);
			inputFileListPaths = (
			);
			inputPaths = (
				"${PODS_PODFILE_DIR_PATH}/Podfile.lock",
				"${PODS_ROOT}/Manifest.lock",
			);
			name = "[CP] Check Pods Manifest.lock";
			outputFileListPaths = (
			);
			outputPaths = (
				"$(DERIVED_FILE_DIR)/Pods-callingDataTests-checkManifestLockResult.txt",
			);
			runOnlyForDeploymentPostprocessing = 0;
			shellPath = /bin/sh;
			shellScript = "diff \"${PODS_PODFILE_DIR_PATH}/Podfile.lock\" \"${PODS_ROOT}/Manifest.lock\" > /dev/null\nif [ $? != 0 ] ; then\n    # print error to STDERR\n    echo \"error: The sandbox is not in sync with the Podfile.lock. Run 'pod install' or update your CocoaPods installation.\" >&2\n    exit 1\nfi\n# This output is used by Xcode 'outputs' to avoid re-running this script phase.\necho \"SUCCESS\" > \"${SCRIPT_OUTPUT_FILE_0}\"\n";
			showEnvVarsInLog = 0;
		};
/* End PBXShellScriptBuildPhase section */

/* Begin PBXSourcesBuildPhase section */
		5C549910230F5ED100186157 /* Sources */ = {
			isa = PBXSourcesBuildPhase;
			buildActionMask = 2147483647;
			files = (
				5C54991A230F5ED100186157 /* ViewController.swift in Sources */,
				5C549918230F5ED100186157 /* AppDelegate.swift in Sources */,
			);
			runOnlyForDeploymentPostprocessing = 0;
		};
		5C549924230F5ED200186157 /* Sources */ = {
			isa = PBXSourcesBuildPhase;
			buildActionMask = 2147483647;
			files = (
				5C54992D230F5ED200186157 /* callingDataTests.swift in Sources */,
			);
			runOnlyForDeploymentPostprocessing = 0;
		};
		5C54992F230F5ED200186157 /* Sources */ = {
			isa = PBXSourcesBuildPhase;
			buildActionMask = 2147483647;
			files = (
				5C549938230F5ED200186157 /* callingDataUITests.swift in Sources */,
			);
			runOnlyForDeploymentPostprocessing = 0;
		};
/* End PBXSourcesBuildPhase section */

/* Begin PBXTargetDependency section */
		5C54992A230F5ED200186157 /* PBXTargetDependency */ = {
			isa = PBXTargetDependency;
			target = 5C549913230F5ED100186157 /* callingData */;
			targetProxy = 5C549929230F5ED200186157 /* PBXContainerItemProxy */;
		};
		5C549935230F5ED200186157 /* PBXTargetDependency */ = {
			isa = PBXTargetDependency;
			target = 5C549913230F5ED100186157 /* callingData */;
			targetProxy = 5C549934230F5ED200186157 /* PBXContainerItemProxy */;
		};
/* End PBXTargetDependency section */

/* Begin PBXVariantGroup section */
		5C54991B230F5ED100186157 /* Main.storyboard */ = {
			isa = PBXVariantGroup;
			children = (
				5C54991C230F5ED100186157 /* Base */,
			);
			name = Main.storyboard;
			sourceTree = "<group>";
		};
		5C549920230F5ED200186157 /* LaunchScreen.storyboard */ = {
			isa = PBXVariantGroup;
			children = (
				5C549921230F5ED200186157 /* Base */,
			);
			name = LaunchScreen.storyboard;
			sourceTree = "<group>";
		};
/* End PBXVariantGroup section */

/* Begin XCBuildConfiguration section */
		5C54993A230F5ED200186157 /* Debug */ = {
			isa = XCBuildConfiguration;
			buildSettings = {
				ALWAYS_SEARCH_USER_PATHS = NO;
				CLANG_ANALYZER_NONNULL = YES;
				CLANG_ANALYZER_NUMBER_OBJECT_CONVERSION = YES_AGGRESSIVE;
				CLANG_CXX_LANGUAGE_STANDARD = "gnu++14";
				CLANG_CXX_LIBRARY = "libc++";
				CLANG_ENABLE_MODULES = YES;
				CLANG_ENABLE_OBJC_ARC = YES;
				CLANG_ENABLE_OBJC_WEAK = YES;
				CLANG_WARN_BLOCK_CAPTURE_AUTORELEASING = YES;
				CLANG_WARN_BOOL_CONVERSION = YES;
				CLANG_WARN_COMMA = YES;
				CLANG_WARN_CONSTANT_CONVERSION = YES;
				CLANG_WARN_DEPRECATED_OBJC_IMPLEMENTATIONS = YES;
				CLANG_WARN_DIRECT_OBJC_ISA_USAGE = YES_ERROR;
				CLANG_WARN_DOCUMENTATION_COMMENTS = YES;
				CLANG_WARN_EMPTY_BODY = YES;
				CLANG_WARN_ENUM_CONVERSION = YES;
				CLANG_WARN_INFINITE_RECURSION = YES;
				CLANG_WARN_INT_CONVERSION = YES;
				CLANG_WARN_NON_LITERAL_NULL_CONVERSION = YES;
				CLANG_WARN_OBJC_IMPLICIT_RETAIN_SELF = YES;
				CLANG_WARN_OBJC_LITERAL_CONVERSION = YES;
				CLANG_WARN_OBJC_ROOT_CLASS = YES_ERROR;
				CLANG_WARN_RANGE_LOOP_ANALYSIS = YES;
				CLANG_WARN_STRICT_PROTOTYPES = YES;
				CLANG_WARN_SUSPICIOUS_MOVE = YES;
				CLANG_WARN_UNGUARDED_AVAILABILITY = YES_AGGRESSIVE;
				CLANG_WARN_UNREACHABLE_CODE = YES;
				CLANG_WARN__DUPLICATE_METHOD_MATCH = YES;
				CODE_SIGN_IDENTITY = "iPhone Developer";
				COPY_PHASE_STRIP = NO;
				DEBUG_INFORMATION_FORMAT = dwarf;
				ENABLE_STRICT_OBJC_MSGSEND = YES;
				ENABLE_TESTABILITY = YES;
				GCC_C_LANGUAGE_STANDARD = gnu11;
				GCC_DYNAMIC_NO_PIC = NO;
				GCC_NO_COMMON_BLOCKS = YES;
				GCC_OPTIMIZATION_LEVEL = 0;
				GCC_PREPROCESSOR_DEFINITIONS = (
					"DEBUG=1",
					"$(inherited)",
				);
				GCC_WARN_64_TO_32_BIT_CONVERSION = YES;
				GCC_WARN_ABOUT_RETURN_TYPE = YES_ERROR;
				GCC_WARN_UNDECLARED_SELECTOR = YES;
				GCC_WARN_UNINITIALIZED_AUTOS = YES_AGGRESSIVE;
				GCC_WARN_UNUSED_FUNCTION = YES;
				GCC_WARN_UNUSED_VARIABLE = YES;
				IPHONEOS_DEPLOYMENT_TARGET = 12.4;
				MTL_ENABLE_DEBUG_INFO = INCLUDE_SOURCE;
				MTL_FAST_MATH = YES;
				ONLY_ACTIVE_ARCH = YES;
				SDKROOT = iphoneos;
				SWIFT_ACTIVE_COMPILATION_CONDITIONS = DEBUG;
				SWIFT_OPTIMIZATION_LEVEL = "-Onone";
			};
			name = Debug;
		};
		5C54993B230F5ED200186157 /* Release */ = {
			isa = XCBuildConfiguration;
			buildSettings = {
				ALWAYS_SEARCH_USER_PATHS = NO;
				CLANG_ANALYZER_NONNULL = YES;
				CLANG_ANALYZER_NUMBER_OBJECT_CONVERSION = YES_AGGRESSIVE;
				CLANG_CXX_LANGUAGE_STANDARD = "gnu++14";
				CLANG_CXX_LIBRARY = "libc++";
				CLANG_ENABLE_MODULES = YES;
				CLANG_ENABLE_OBJC_ARC = YES;
				CLANG_ENABLE_OBJC_WEAK = YES;
				CLANG_WARN_BLOCK_CAPTURE_AUTORELEASING = YES;
				CLANG_WARN_BOOL_CONVERSION = YES;
				CLANG_WARN_COMMA = YES;
				CLANG_WARN_CONSTANT_CONVERSION = YES;
				CLANG_WARN_DEPRECATED_OBJC_IMPLEMENTATIONS = YES;
				CLANG_WARN_DIRECT_OBJC_ISA_USAGE = YES_ERROR;
				CLANG_WARN_DOCUMENTATION_COMMENTS = YES;
				CLANG_WARN_EMPTY_BODY = YES;
				CLANG_WARN_ENUM_CONVERSION = YES;
				CLANG_WARN_INFINITE_RECURSION = YES;
				CLANG_WARN_INT_CONVERSION = YES;
				CLANG_WARN_NON_LITERAL_NULL_CONVERSION = YES;
				CLANG_WARN_OBJC_IMPLICIT_RETAIN_SELF = YES;
				CLANG_WARN_OBJC_LITERAL_CONVERSION = YES;
				CLANG_WARN_OBJC_ROOT_CLASS = YES_ERROR;
				CLANG_WARN_RANGE_LOOP_ANALYSIS = YES;
				CLANG_WARN_STRICT_PROTOTYPES = YES;
				CLANG_WARN_SUSPICIOUS_MOVE = YES;
				CLANG_WARN_UNGUARDED_AVAILABILITY = YES_AGGRESSIVE;
				CLANG_WARN_UNREACHABLE_CODE = YES;
				CLANG_WARN__DUPLICATE_METHOD_MATCH = YES;
				CODE_SIGN_IDENTITY = "iPhone Developer";
				COPY_PHASE_STRIP = NO;
				DEBUG_INFORMATION_FORMAT = "dwarf-with-dsym";
				ENABLE_NS_ASSERTIONS = NO;
				ENABLE_STRICT_OBJC_MSGSEND = YES;
				GCC_C_LANGUAGE_STANDARD = gnu11;
				GCC_NO_COMMON_BLOCKS = YES;
				GCC_WARN_64_TO_32_BIT_CONVERSION = YES;
				GCC_WARN_ABOUT_RETURN_TYPE = YES_ERROR;
				GCC_WARN_UNDECLARED_SELECTOR = YES;
				GCC_WARN_UNINITIALIZED_AUTOS = YES_AGGRESSIVE;
				GCC_WARN_UNUSED_FUNCTION = YES;
				GCC_WARN_UNUSED_VARIABLE = YES;
				IPHONEOS_DEPLOYMENT_TARGET = 12.4;
				MTL_ENABLE_DEBUG_INFO = NO;
				MTL_FAST_MATH = YES;
				SDKROOT = iphoneos;
				SWIFT_COMPILATION_MODE = wholemodule;
				SWIFT_OPTIMIZATION_LEVEL = "-O";
				VALIDATE_PRODUCT = YES;
			};
			name = Release;
		};
		5C54993D230F5ED200186157 /* Debug */ = {
			isa = XCBuildConfiguration;
			baseConfigurationReference = A9EA8BB18A6FCCF2887BD0C1 /* Pods-callingData.debug.xcconfig */;
			buildSettings = {
				ASSETCATALOG_COMPILER_APPICON_NAME = AppIcon;
				CODE_SIGN_STYLE = Automatic;
				INFOPLIST_FILE = callingData/Info.plist;
				LD_RUNPATH_SEARCH_PATHS = (
					"$(inherited)",
					"@executable_path/Frameworks",
				);
				PRODUCT_BUNDLE_IDENTIFIER = com.neozensoft.callingData;
				PRODUCT_NAME = "$(TARGET_NAME)";
				SWIFT_VERSION = 4.0;
				TARGETED_DEVICE_FAMILY = "1,2";
			};
			name = Debug;
		};
		5C54993E230F5ED200186157 /* Release */ = {
			isa = XCBuildConfiguration;
			baseConfigurationReference = C886CEFF92A1F09B2844626A /* Pods-callingData.release.xcconfig */;
			buildSettings = {
				ASSETCATALOG_COMPILER_APPICON_NAME = AppIcon;
				CODE_SIGN_STYLE = Automatic;
				INFOPLIST_FILE = callingData/Info.plist;
				LD_RUNPATH_SEARCH_PATHS = (
					"$(inherited)",
					"@executable_path/Frameworks",
				);
				PRODUCT_BUNDLE_IDENTIFIER = com.neozensoft.callingData;
				PRODUCT_NAME = "$(TARGET_NAME)";
				SWIFT_VERSION = 4.0;
				TARGETED_DEVICE_FAMILY = "1,2";
			};
			name = Release;
		};
		5C549940230F5ED200186157 /* Debug */ = {
			isa = XCBuildConfiguration;
			baseConfigurationReference = ACB87BB75472BE2623D4AF10 /* Pods-callingDataTests.debug.xcconfig */;
			buildSettings = {
				ALWAYS_EMBED_SWIFT_STANDARD_LIBRARIES = YES;
				BUNDLE_LOADER = "$(TEST_HOST)";
				CODE_SIGN_STYLE = Automatic;
				INFOPLIST_FILE = callingDataTests/Info.plist;
				LD_RUNPATH_SEARCH_PATHS = (
					"$(inherited)",
					"@executable_path/Frameworks",
					"@loader_path/Frameworks",
				);
				PRODUCT_BUNDLE_IDENTIFIER = com.neozensoft.callingDataTests;
				PRODUCT_NAME = "$(TARGET_NAME)";
				SWIFT_VERSION = 5.0;
				TARGETED_DEVICE_FAMILY = "1,2";
				TEST_HOST = "$(BUILT_PRODUCTS_DIR)/callingData.app/callingData";
			};
			name = Debug;
		};
		5C549941230F5ED200186157 /* Release */ = {
			isa = XCBuildConfiguration;
			baseConfigurationReference = 5589635274EDBF9AC9D643A7 /* Pods-callingDataTests.release.xcconfig */;
			buildSettings = {
				ALWAYS_EMBED_SWIFT_STANDARD_LIBRARIES = YES;
				BUNDLE_LOADER = "$(TEST_HOST)";
				CODE_SIGN_STYLE = Automatic;
				INFOPLIST_FILE = callingDataTests/Info.plist;
				LD_RUNPATH_SEARCH_PATHS = (
					"$(inherited)",
					"@executable_path/Frameworks",
					"@loader_path/Frameworks",
				);
				PRODUCT_BUNDLE_IDENTIFIER = com.neozensoft.callingDataTests;
				PRODUCT_NAME = "$(TARGET_NAME)";
				SWIFT_VERSION = 5.0;
				TARGETED_DEVICE_FAMILY = "1,2";
				TEST_HOST = "$(BUILT_PRODUCTS_DIR)/callingData.app/callingData";
			};
			name = Release;
		};
		5C549943230F5ED200186157 /* Debug */ = {
			isa = XCBuildConfiguration;
			baseConfigurationReference = 8FECE4ADE0B3A97892F48872 /* Pods-callingDataUITests.debug.xcconfig */;
			buildSettings = {
				ALWAYS_EMBED_SWIFT_STANDARD_LIBRARIES = YES;
				CODE_SIGN_STYLE = Automatic;
				INFOPLIST_FILE = callingDataUITests/Info.plist;
				LD_RUNPATH_SEARCH_PATHS = (
					"$(inherited)",
					"@executable_path/Frameworks",
					"@loader_path/Frameworks",
				);
				PRODUCT_BUNDLE_IDENTIFIER = com.neozensoft.callingDataUITests;
				PRODUCT_NAME = "$(TARGET_NAME)";
				SWIFT_VERSION = 5.0;
				TARGETED_DEVICE_FAMILY = "1,2";
				TEST_TARGET_NAME = callingData;
			};
			name = Debug;
		};
		5C549944230F5ED200186157 /* Release */ = {
			isa = XCBuildConfiguration;
			baseConfigurationReference = 8E417E143A89C5D6BB579070 /* Pods-callingDataUITests.release.xcconfig */;
			buildSettings = {
				ALWAYS_EMBED_SWIFT_STANDARD_LIBRARIES = YES;
				CODE_SIGN_STYLE = Automatic;
				INFOPLIST_FILE = callingDataUITests/Info.plist;
				LD_RUNPATH_SEARCH_PATHS = (
					"$(inherited)",
					"@executable_path/Frameworks",
					"@loader_path/Frameworks",
				);
				PRODUCT_BUNDLE_IDENTIFIER = com.neozensoft.callingDataUITests;
				PRODUCT_NAME = "$(TARGET_NAME)";
				SWIFT_VERSION = 5.0;
				TARGETED_DEVICE_FAMILY = "1,2";
				TEST_TARGET_NAME = callingData;
			};
			name = Release;
		};
/* End XCBuildConfiguration section */

/* Begin XCConfigurationList section */
		5C54990F230F5ED100186157 /* Build configuration list for PBXProject "callingData" */ = {
			isa = XCConfigurationList;
			buildConfigurations = (
				5C54993A230F5ED200186157 /* Debug */,
				5C54993B230F5ED200186157 /* Release */,
			);
			defaultConfigurationIsVisible = 0;
			defaultConfigurationName = Release;
		};
		5C54993C230F5ED200186157 /* Build configuration list for PBXNativeTarget "callingData" */ = {
			isa = XCConfigurationList;
			buildConfigurations = (
				5C54993D230F5ED200186157 /* Debug */,
				5C54993E230F5ED200186157 /* Release */,
			);
			defaultConfigurationIsVisible = 0;
			defaultConfigurationName = Release;
		};
		5C54993F230F5ED200186157 /* Build configuration list for PBXNativeTarget "callingDataTests" */ = {
			isa = XCConfigurationList;
			buildConfigurations = (
				5C549940230F5ED200186157 /* Debug */,
				5C549941230F5ED200186157 /* Release */,
			);
			defaultConfigurationIsVisible = 0;
			defaultConfigurationName = Release;
		};
		5C549942230F5ED200186157 /* Build configuration list for PBXNativeTarget "callingDataUITests" */ = {
			isa = XCConfigurationList;
			buildConfigurations = (
				5C549943230F5ED200186157 /* Debug */,
				5C549944230F5ED200186157 /* Release */,
			);
			defaultConfigurationIsVisible = 0;
			defaultConfigurationName = Release;
		};
/* End XCConfigurationList section */
	};
	rootObject = 5C54990C230F5ED100186157 /* Project object */;
}
